
Microsoft Visual Studio Solution File, Format Version 12.00
# Visual Studio Version 16
VisualStudioVersion = 16.0.30523.141
MinimumVisualStudioVersion = 10.0.40219.1
Project("{FAE04EC0-301F-11D3-BF4B-00C04F79EFBC}") = "TTS_InfoMaker2", "TTS_InfoMaker2\TTS_InfoMaker2.csproj", "{2A033503-E78B-4589-A8BE-BE5B0224AFF3}"
EndProject
Global
	GlobalSection(SolutionConfigurationPlatforms) = preSolution
		Debug|Any CPU = Debug|Any CPU
		Release|Any CPU = Release|Any CPU
	EndGlobalSection
	GlobalSection(ProjectConfigurationPlatforms) = postSolution
		{2A033503-E78B-4589-A8BE-BE5B0224AFF3}.Debug|Any CPU.ActiveCfg = Release|Any CPU
		{2A033503-E78B-4589-A8BE-BE5B0224AFF3}.Debug|Any CPU.Build.0 = Release|Any CPU
		{2A033503-E78B-4589-A8BE-BE5B0224AFF3}.Release|Any CPU.ActiveCfg = Release|Any CPU
		{2A033503-E78B-4589-A8BE-BE5B0224AFF3}.Release|Any CPU.Build.0 = Release|Any CPU
	EndGlobalSection
	GlobalSection(SolutionProperties) = preSolution
		HideSolutionNode = FALSE
	EndGlobalSection
	GlobalSection(ExtensibilityGlobals) = postSolution
		SolutionGuid = {3AFEA997-AE89-4F2B-9118-FAFA70511094}
	EndGlobalSection
EndGlobal
